
Microsoft Visual Studio Solution File, Format Version 12.00
# Visual Studio Version 17
VisualStudioVersion = 17.4.33205.214
MinimumVisualStudioVersion = 10.0.40219.1
Project("{9A19103F-16F7-4668-BE54-9A1E7A4F7556}") = "SistemaRecrutadores", "SistemaRecrutadores\SistemaRecrutadores.csproj", "{E98D2694-F844-484C-8422-C722D4AF1435}"
EndProject
Project("{9A19103F-16F7-4668-BE54-9A1E7A4F7556}") = "Dominio", "Dominio\Dominio.csproj", "{EC4696EC-0345-4D56-8E06-E752BDFECB85}"
EndProject
Project("{9A19103F-16F7-4668-BE54-9A1E7A4F7556}") = "InfraEstrutura", "InfraEstrutura\InfraEstrutura.csproj", "{A968170A-2E8C-4CBC-957D-8F136C594A51}"
EndProject
Project("{54A90642-561A-4BB1-A94E-469ADEE60C69}") = "AngularRecrutadores", "AngularRecrutadores\AngularRecrutadores.esproj", "{4E14E910-C16A-464F-A1CB-7DCA12C58683}"
EndProject
Global
	GlobalSection(SolutionConfigurationPlatforms) = preSolution
		Debug|Any CPU = Debug|Any CPU
		Release|Any CPU = Release|Any CPU
	EndGlobalSection
	GlobalSection(ProjectConfigurationPlatforms) = postSolution
		{E98D2694-F844-484C-8422-C722D4AF1435}.Debug|Any CPU.ActiveCfg = Debug|Any CPU
		{E98D2694-F844-484C-8422-C722D4AF1435}.Debug|Any CPU.Build.0 = Debug|Any CPU
		{E98D2694-F844-484C-8422-C722D4AF1435}.Release|Any CPU.ActiveCfg = Release|Any CPU
		{E98D2694-F844-484C-8422-C722D4AF1435}.Release|Any CPU.Build.0 = Release|Any CPU
		{EC4696EC-0345-4D56-8E06-E752BDFECB85}.Debug|Any CPU.ActiveCfg = Debug|Any CPU
		{EC4696EC-0345-4D56-8E06-E752BDFECB85}.Debug|Any CPU.Build.0 = Debug|Any CPU
		{EC4696EC-0345-4D56-8E06-E752BDFECB85}.Release|Any CPU.ActiveCfg = Release|Any CPU
		{EC4696EC-0345-4D56-8E06-E752BDFECB85}.Release|Any CPU.Build.0 = Release|Any CPU
		{A968170A-2E8C-4CBC-957D-8F136C594A51}.Debug|Any CPU.ActiveCfg = Debug|Any CPU
		{A968170A-2E8C-4CBC-957D-8F136C594A51}.Debug|Any CPU.Build.0 = Debug|Any CPU
		{A968170A-2E8C-4CBC-957D-8F136C594A51}.Release|Any CPU.ActiveCfg = Release|Any CPU
		{A968170A-2E8C-4CBC-957D-8F136C594A51}.Release|Any CPU.Build.0 = Release|Any CPU
		{4E14E910-C16A-464F-A1CB-7DCA12C58683}.Debug|Any CPU.ActiveCfg = Debug|Any CPU
		{4E14E910-C16A-464F-A1CB-7DCA12C58683}.Debug|Any CPU.Build.0 = Debug|Any CPU
		{4E14E910-C16A-464F-A1CB-7DCA12C58683}.Debug|Any CPU.Deploy.0 = Debug|Any CPU
		{4E14E910-C16A-464F-A1CB-7DCA12C58683}.Release|Any CPU.ActiveCfg = Release|Any CPU
		{4E14E910-C16A-464F-A1CB-7DCA12C58683}.Release|Any CPU.Build.0 = Release|Any CPU
		{4E14E910-C16A-464F-A1CB-7DCA12C58683}.Release|Any CPU.Deploy.0 = Release|Any CPU
	EndGlobalSection
	GlobalSection(SolutionProperties) = preSolution
		HideSolutionNode = FALSE
	EndGlobalSection
	GlobalSection(ExtensibilityGlobals) = postSolution
		SolutionGuid = {452E7254-F733-4043-AF5C-BE4609608B6C}
	EndGlobalSection
EndGlobal
